
Microsoft Visual Studio Solution File, Format Version 12.00
# Visual Studio Version 16
VisualStudioVersion = 16.0.30907.101
MinimumVisualStudioVersion = 10.0.40219.1
Project("{FAE04EC0-301F-11D3-BF4B-00C04F79EFBC}") = "LR_7", "LR_7.csproj", "{30D275DA-FC95-4339-98A6-8967E844849C}"
EndProject
Project("{FAE04EC0-301F-11D3-BF4B-00C04F79EFBC}") = "LR_7.1", "..\LR_7.1\LR_7.1.csproj", "{951CE76B-CF5D-4799-A21D-7BD37AF9C522}"
EndProject
Global
	GlobalSection(SolutionConfigurationPlatforms) = preSolution
		Debug|Any CPU = Debug|Any CPU
		Release|Any CPU = Release|Any CPU
	EndGlobalSection
	GlobalSection(ProjectConfigurationPlatforms) = postSolution
		{30D275DA-FC95-4339-98A6-8967E844849C}.Debug|Any CPU.ActiveCfg = Debug|Any CPU
		{30D275DA-FC95-4339-98A6-8967E844849C}.Debug|Any CPU.Build.0 = Debug|Any CPU
		{30D275DA-FC95-4339-98A6-8967E844849C}.Release|Any CPU.ActiveCfg = Release|Any CPU
		{30D275DA-FC95-4339-98A6-8967E844849C}.Release|Any CPU.Build.0 = Release|Any CPU
		{951CE76B-CF5D-4799-A21D-7BD37AF9C522}.Debug|Any CPU.ActiveCfg = Debug|Any CPU
		{951CE76B-CF5D-4799-A21D-7BD37AF9C522}.Debug|Any CPU.Build.0 = Debug|Any CPU
		{951CE76B-CF5D-4799-A21D-7BD37AF9C522}.Release|Any CPU.ActiveCfg = Release|Any CPU
		{951CE76B-CF5D-4799-A21D-7BD37AF9C522}.Release|Any CPU.Build.0 = Release|Any CPU
	EndGlobalSection
	GlobalSection(SolutionProperties) = preSolution
		HideSolutionNode = FALSE
	EndGlobalSection
	GlobalSection(ExtensibilityGlobals) = postSolution
		SolutionGuid = {170B6ECB-AB96-426F-AF3F-DB611BAB23F3}
	EndGlobalSection
EndGlobal
