
Microsoft Visual Studio Solution File, Format Version 12.00
# Visual Studio Version 16
VisualStudioVersion = 16.0.30907.101
MinimumVisualStudioVersion = 10.0.40219.1
Project("{FAE04EC0-301F-11D3-BF4B-00C04F79EFBC}") = "Lab3", "Lab3\Lab3.csproj", "{632706CE-CE0A-4453-923C-06FA8E329150}"
EndProject
Global
	GlobalSection(SolutionConfigurationPlatforms) = preSolution
		Debug|Any CPU = Debug|Any CPU
		Release|Any CPU = Release|Any CPU
	EndGlobalSection
	GlobalSection(ProjectConfigurationPlatforms) = postSolution
		{632706CE-CE0A-4453-923C-06FA8E329150}.Debug|Any CPU.ActiveCfg = Debug|Any CPU
		{632706CE-CE0A-4453-923C-06FA8E329150}.Debug|Any CPU.Build.0 = Debug|Any CPU
		{632706CE-CE0A-4453-923C-06FA8E329150}.Release|Any CPU.ActiveCfg = Release|Any CPU
		{632706CE-CE0A-4453-923C-06FA8E329150}.Release|Any CPU.Build.0 = Release|Any CPU
	EndGlobalSection
	GlobalSection(SolutionProperties) = preSolution
		HideSolutionNode = FALSE
	EndGlobalSection
	GlobalSection(ExtensibilityGlobals) = postSolution
		SolutionGuid = {0A31AB46-7580-481D-B1E0-232324C0CD1F}
	EndGlobalSection
EndGlobal
